
Microsoft Visual Studio Solution File, Format Version 12.00
# Visual Studio Version 16
VisualStudioVersion = 16.0.29123.88
MinimumVisualStudioVersion = 10.0.40219.1
Project("{FAE04EC0-301F-11D3-BF4B-00C04F79EFBC}") = "AlfaMap", "AlfaMap\AlfaMap.csproj", "{25562216-B163-4F8B-B44B-3E115CE8D7FC}"
EndProject
Global
	GlobalSection(SolutionConfigurationPlatforms) = preSolution
		Debug|Any CPU = Debug|Any CPU
		Release|Any CPU = Release|Any CPU
	EndGlobalSection
	GlobalSection(ProjectConfigurationPlatforms) = postSolution
		{25562216-B163-4F8B-B44B-3E115CE8D7FC}.Debug|Any CPU.ActiveCfg = Debug|Any CPU
		{25562216-B163-4F8B-B44B-3E115CE8D7FC}.Debug|Any CPU.Build.0 = Debug|Any CPU
		{25562216-B163-4F8B-B44B-3E115CE8D7FC}.Release|Any CPU.ActiveCfg = Release|Any CPU
		{25562216-B163-4F8B-B44B-3E115CE8D7FC}.Release|Any CPU.Build.0 = Release|Any CPU
	EndGlobalSection
	GlobalSection(SolutionProperties) = preSolution
		HideSolutionNode = FALSE
	EndGlobalSection
	GlobalSection(ExtensibilityGlobals) = postSolution
		SolutionGuid = {1571BE14-C141-4003-9630-7502DD404B02}
	EndGlobalSection
EndGlobal
